
Microsoft Visual Studio Solution File, Format Version 12.00
# Visual Studio 15
VisualStudioVersion = 15.0.28307.329
MinimumVisualStudioVersion = 10.0.40219.1
Project("{FAE04EC0-301F-11D3-BF4B-00C04F79EFBC}") = "Task2", "Task2\Task2.csproj", "{8E80C5BD-3BE3-451F-95E7-80511292B2CE}"
EndProject
Global
	GlobalSection(SolutionConfigurationPlatforms) = preSolution
		Debug|Any CPU = Debug|Any CPU
		Release|Any CPU = Release|Any CPU
	EndGlobalSection
	GlobalSection(ProjectConfigurationPlatforms) = postSolution
		{8E80C5BD-3BE3-451F-95E7-80511292B2CE}.Debug|Any CPU.ActiveCfg = Debug|Any CPU
		{8E80C5BD-3BE3-451F-95E7-80511292B2CE}.Debug|Any CPU.Build.0 = Debug|Any CPU
		{8E80C5BD-3BE3-451F-95E7-80511292B2CE}.Release|Any CPU.ActiveCfg = Release|Any CPU
		{8E80C5BD-3BE3-451F-95E7-80511292B2CE}.Release|Any CPU.Build.0 = Release|Any CPU
	EndGlobalSection
	GlobalSection(SolutionProperties) = preSolution
		HideSolutionNode = FALSE
	EndGlobalSection
	GlobalSection(ExtensibilityGlobals) = postSolution
		SolutionGuid = {D484D279-0DC4-44F6-9C07-07D4E48D0C79}
	EndGlobalSection
EndGlobal
