
Microsoft Visual Studio Solution File, Format Version 12.00
# Visual Studio 15
VisualStudioVersion = 15.0.28307.329
MinimumVisualStudioVersion = 10.0.40219.1
Project("{FAE04EC0-301F-11D3-BF4B-00C04F79EFBC}") = "ConsoleApp1", "ConsoleApp1\ConsoleApp1.csproj", "{CFFC5D6E-D677-4C1C-BE79-146C568B10FF}"
EndProject
Global
	GlobalSection(SolutionConfigurationPlatforms) = preSolution
		Debug|Any CPU = Debug|Any CPU
		Release|Any CPU = Release|Any CPU
	EndGlobalSection
	GlobalSection(ProjectConfigurationPlatforms) = postSolution
		{CFFC5D6E-D677-4C1C-BE79-146C568B10FF}.Debug|Any CPU.ActiveCfg = Debug|Any CPU
		{CFFC5D6E-D677-4C1C-BE79-146C568B10FF}.Debug|Any CPU.Build.0 = Debug|Any CPU
		{CFFC5D6E-D677-4C1C-BE79-146C568B10FF}.Release|Any CPU.ActiveCfg = Release|Any CPU
		{CFFC5D6E-D677-4C1C-BE79-146C568B10FF}.Release|Any CPU.Build.0 = Release|Any CPU
	EndGlobalSection
	GlobalSection(SolutionProperties) = preSolution
		HideSolutionNode = FALSE
	EndGlobalSection
	GlobalSection(ExtensibilityGlobals) = postSolution
		SolutionGuid = {82B1AE0D-44A3-4A4A-8741-00E727E88BF1}
	EndGlobalSection
EndGlobal
